// !$*UTF8*$!
{
	archiveVersion = 1;
	classes = {
	};
	objectVersion = 48;
	objects = {

/* Begin PBXBuildFile section */
		0AC1A53D67E349B8556F880F /* Pods_TaskProject.framework in Frameworks */ = {isa = PBXBuildFile; fileRef = 5554C035036EDF70A4984FC7 /* Pods_TaskProject.framework */; };
		1EACE20F20DAB9C600681E84 /* AppDelegate.swift in Sources */ = {isa = PBXBuildFile; fileRef = 1EACE20E20DAB9C600681E84 /* AppDelegate.swift */; };
		1EACE21120DAB9C600681E84 /* ViewController.swift in Sources */ = {isa = PBXBuildFile; fileRef = 1EACE21020DAB9C600681E84 /* ViewController.swift */; };
		1EACE21420DAB9C600681E84 /* Main.storyboard in Resources */ = {isa = PBXBuildFile; fileRef = 1EACE21220DAB9C600681E84 /* Main.storyboard */; };
		1EACE21620DAB9C600681E84 /* Assets.xcassets in Resources */ = {isa = PBXBuildFile; fileRef = 1EACE21520DAB9C600681E84 /* Assets.xcassets */; };
		1EACE21920DAB9C600681E84 /* LaunchScreen.storyboard in Resources */ = {isa = PBXBuildFile; fileRef = 1EACE21720DAB9C600681E84 /* LaunchScreen.storyboard */; };
		1EACE22120DABFCE00681E84 /* CoreLocation.framework in Frameworks */ = {isa = PBXBuildFile; fileRef = 1EACE22020DABFCE00681E84 /* CoreLocation.framework */; };
/* End PBXBuildFile section */

/* Begin PBXFileReference section */
		1EACE20B20DAB9C600681E84 /* TaskProject.app */ = {isa = PBXFileReference; explicitFileType = wrapper.application; includeInIndex = 0; path = TaskProject.app; sourceTree = BUILT_PRODUCTS_DIR; };
		1EACE20E20DAB9C600681E84 /* AppDelegate.swift */ = {isa = PBXFileReference; lastKnownFileType = sourcecode.swift; path = AppDelegate.swift; sourceTree = "<group>"; };
		1EACE21020DAB9C600681E84 /* ViewController.swift */ = {isa = PBXFileReference; lastKnownFileType = sourcecode.swift; path = ViewController.swift; sourceTree = "<group>"; };
		1EACE21320DAB9C600681E84 /* Base */ = {isa = PBXFileReference; lastKnownFileType = file.storyboard; name = Base; path = Base.lproj/Main.storyboard; sourceTree = "<group>"; };
		1EACE21520DAB9C600681E84 /* Assets.xcassets */ = {isa = PBXFileReference; lastKnownFileType = folder.assetcatalog; path = Assets.xcassets; sourceTree = "<group>"; };
		1EACE21820DAB9C600681E84 /* Base */ = {isa = PBXFileReference; lastKnownFileType = file.storyboard; name = Base; path = Base.lproj/LaunchScreen.storyboard; sourceTree = "<group>"; };
		1EACE21A20DAB9C600681E84 /* Info.plist */ = {isa = PBXFileReference; lastKnownFileType = text.plist.xml; path = Info.plist; sourceTree = "<group>"; };
		1EACE22020DABFCE00681E84 /* CoreLocation.framework */ = {isa = PBXFileReference; lastKnownFileType = wrapper.framework; name = CoreLocation.framework; path = System/Library/Frameworks/CoreLocation.framework; sourceTree = SDKROOT; };
		5554C035036EDF70A4984FC7 /* Pods_TaskProject.framework */ = {isa = PBXFileReference; explicitFileType = wrapper.framework; includeInIndex = 0; path = Pods_TaskProject.framework; sourceTree = BUILT_PRODUCTS_DIR; };
		61742DC5B91E1E61FF3FAE52 /* Pods-TaskProject.debug.xcconfig */ = {isa = PBXFileReference; includeInIndex = 1; lastKnownFileType = text.xcconfig; name = "Pods-TaskProject.debug.xcconfig"; path = "Pods/Target Support Files/Pods-TaskProject/Pods-TaskProject.debug.xcconfig"; sourceTree = "<group>"; };
		DB19DEAEED8D7D295745A778 /* Pods-TaskProject.release.xcconfig */ = {isa = PBXFileReference; includeInIndex = 1; lastKnownFileType = text.xcconfig; name = "Pods-TaskProject.release.xcconfig"; path = "Pods/Target Support Files/Pods-TaskProject/Pods-TaskProject.release.xcconfig"; sourceTree = "<group>"; };
/* End PBXFileReference section */

/* Begin PBXFrameworksBuildPhase section */
		1EACE20820DAB9C600681E84 /* Frameworks */ = {
			isa = PBXFrameworksBuildPhase;
			buildActionMask = 2147483647;
			files = (
				1EACE22120DABFCE00681E84 /* CoreLocation.framework in Frameworks */,
				0AC1A53D67E349B8556F880F /* Pods_TaskProject.framework in Frameworks */,
			);
			runOnlyForDeploymentPostprocessing = 0;
		};
/* End PBXFrameworksBuildPhase section */

/* Begin PBXGroup section */
		11BE1FD5BD8D29F8F53A804D /* Pods */ = {
			isa = PBXGroup;
			children = (
				61742DC5B91E1E61FF3FAE52 /* Pods-TaskProject.debug.xcconfig */,
				DB19DEAEED8D7D295745A778 /* Pods-TaskProject.release.xcconfig */,
			);
			name = Pods;
			sourceTree = "<group>";
		};
		1521AEA2C990DDE2CD05B073 /* Frameworks */ = {
			isa = PBXGroup;
			children = (
				1EACE22020DABFCE00681E84 /* CoreLocation.framework */,
				5554C035036EDF70A4984FC7 /* Pods_TaskProject.framework */,
			);
			name = Frameworks;
			sourceTree = "<group>";
		};
		1EACE20220DAB9C600681E84 = {
			isa = PBXGroup;
			children = (
				1EACE20D20DAB9C600681E84 /* TaskProject */,
				1EACE20C20DAB9C600681E84 /* Products */,
				11BE1FD5BD8D29F8F53A804D /* Pods */,
				1521AEA2C990DDE2CD05B073 /* Frameworks */,
			);
			sourceTree = "<group>";
		};
		1EACE20C20DAB9C600681E84 /* Products */ = {
			isa = PBXGroup;
			children = (
				1EACE20B20DAB9C600681E84 /* TaskProject.app */,
			);
			name = Products;
			sourceTree = "<group>";
		};
		1EACE20D20DAB9C600681E84 /* TaskProject */ = {
			isa = PBXGroup;
			children = (
				1EACE20E20DAB9C600681E84 /* AppDelegate.swift */,
				1EACE21020DAB9C600681E84 /* ViewController.swift */,
				1EACE21220DAB9C600681E84 /* Main.storyboard */,
				1EACE21520DAB9C600681E84 /* Assets.xcassets */,
				1EACE21720DAB9C600681E84 /* LaunchScreen.storyboard */,
				1EACE21A20DAB9C600681E84 /* Info.plist */,
			);
			path = TaskProject;
			sourceTree = "<group>";
		};
/* End PBXGroup section */

/* Begin PBXNativeTarget section */
		1EACE20A20DAB9C600681E84 /* TaskProject */ = {
			isa = PBXNativeTarget;
			buildConfigurationList = 1EACE21D20DAB9C600681E84 /* Build configuration list for PBXNativeTarget "TaskProject" */;
			buildPhases = (
				63D701603920E5F4FE117FCF /* [CP] Check Pods Manifest.lock */,
				1EACE20720DAB9C600681E84 /* Sources */,
				1EACE20820DAB9C600681E84 /* Frameworks */,
				1EACE20920DAB9C600681E84 /* Resources */,
				7F960910420568B847AF2760 /* [CP] Embed Pods Frameworks */,
				EEB4B8A45EC1D2F337956EFF /* [CP] Copy Pods Resources */,
			);
			buildRules = (
			);
			dependencies = (
			);
			name = TaskProject;
			productName = TaskProject;
			productReference = 1EACE20B20DAB9C600681E84 /* TaskProject.app */;
			productType = "com.apple.product-type.application";
		};
/* End PBXNativeTarget section */

/* Begin PBXProject section */
		1EACE20320DAB9C600681E84 /* Project object */ = {
			isa = PBXProject;
			attributes = {
				LastSwiftUpdateCheck = 0920;
				LastUpgradeCheck = 0920;
				ORGANIZATIONNAME = test;
				TargetAttributes = {
					1EACE20A20DAB9C600681E84 = {
						CreatedOnToolsVersion = 9.2;
						ProvisioningStyle = Automatic;
					};
				};
			};
			buildConfigurationList = 1EACE20620DAB9C600681E84 /* Build configuration list for PBXProject "TaskProject" */;
			compatibilityVersion = "Xcode 8.0";
			developmentRegion = en;
			hasScannedForEncodings = 0;
			knownRegions = (
				en,
				Base,
			);
			mainGroup = 1EACE20220DAB9C600681E84;
			productRefGroup = 1EACE20C20DAB9C600681E84 /* Products */;
			projectDirPath = "";
			projectRoot = "";
			targets = (
				1EACE20A20DAB9C600681E84 /* TaskProject */,
			);
		};
/* End PBXProject section */

/* Begin PBXResourcesBuildPhase section */
		1EACE20920DAB9C600681E84 /* Resources */ = {
			isa = PBXResourcesBuildPhase;
			buildActionMask = 2147483647;
			files = (
				1EACE21920DAB9C600681E84 /* LaunchScreen.storyboard in Resources */,
				1EACE21620DAB9C600681E84 /* Assets.xcassets in Resources */,
				1EACE21420DAB9C600681E84 /* Main.storyboard in Resources */,
			);
			runOnlyForDeploymentPostprocessing = 0;
		};
/* End PBXResourcesBuildPhase section */

/* Begin PBXShellScriptBuildPhase section */
		63D701603920E5F4FE117FCF /* [CP] Check Pods Manifest.lock */ = {
			isa = PBXShellScriptBuildPhase;
			buildActionMask = 2147483647;
			files = (
			);
			inputPaths = (
				"${PODS_PODFILE_DIR_PATH}/Podfile.lock",
				"${PODS_ROOT}/Manifest.lock",
			);
			name = "[CP] Check Pods Manifest.lock";
			outputPaths = (
				"$(DERIVED_FILE_DIR)/Pods-TaskProject-checkManifestLockResult.txt",
			);
			runOnlyForDeploymentPostprocessing = 0;
			shellPath = /bin/sh;
			shellScript = "diff \"${PODS_PODFILE_DIR_PATH}/Podfile.lock\" \"${PODS_ROOT}/Manifest.lock\" > /dev/null\nif [ $? != 0 ] ; then\n    # print error to STDERR\n    echo \"error: The sandbox is not in sync with the Podfile.lock. Run 'pod install' or update your CocoaPods installation.\" >&2\n    exit 1\nfi\n# This output is used by Xcode 'outputs' to avoid re-running this script phase.\necho \"SUCCESS\" > \"${SCRIPT_OUTPUT_FILE_0}\"\n";
			showEnvVarsInLog = 0;
		};
		7F960910420568B847AF2760 /* [CP] Embed Pods Frameworks */ = {
			isa = PBXShellScriptBuildPhase;
			buildActionMask = 2147483647;
			files = (
			);
			inputPaths = (
			);
			name = "[CP] Embed Pods Frameworks";
			outputPaths = (
			);
			runOnlyForDeploymentPostprocessing = 0;
			shellPath = /bin/sh;
			shellScript = "\"${SRCROOT}/Pods/Target Support Files/Pods-TaskProject/Pods-TaskProject-frameworks.sh\"\n";
			showEnvVarsInLog = 0;
		};
		EEB4B8A45EC1D2F337956EFF /* [CP] Copy Pods Resources */ = {
			isa = PBXShellScriptBuildPhase;
			buildActionMask = 2147483647;
			files = (
			);
			inputPaths = (
				"${SRCROOT}/Pods/Target Support Files/Pods-TaskProject/Pods-TaskProject-resources.sh",
				"${PODS_ROOT}/GoogleMaps/Maps/Frameworks/GoogleMaps.framework/Resources/GoogleMaps.bundle",
				"${PODS_ROOT}/GooglePlaces/Frameworks/GooglePlaces.framework/Resources/GooglePlaces.bundle",
			);
			name = "[CP] Copy Pods Resources";
			outputPaths = (
				"${TARGET_BUILD_DIR}/${UNLOCALIZED_RESOURCES_FOLDER_PATH}",
			);
			runOnlyForDeploymentPostprocessing = 0;
			shellPath = /bin/sh;
			shellScript = "\"${SRCROOT}/Pods/Target Support Files/Pods-TaskProject/Pods-TaskProject-resources.sh\"\n";
			showEnvVarsInLog = 0;
		};
/* End PBXShellScriptBuildPhase section */

/* Begin PBXSourcesBuildPhase section */
		1EACE20720DAB9C600681E84 /* Sources */ = {
			isa = PBXSourcesBuildPhase;
			buildActionMask = 2147483647;
			files = (
				1EACE21120DAB9C600681E84 /* ViewController.swift in Sources */,
				1EACE20F20DAB9C600681E84 /* AppDelegate.swift in Sources */,
			);
			runOnlyForDeploymentPostprocessing = 0;
		};
/* End PBXSourcesBuildPhase section */

/* Begin PBXVariantGroup section */
		1EACE21220DAB9C600681E84 /* Main.storyboard */ = {
			isa = PBXVariantGroup;
			children = (
				1EACE21320DAB9C600681E84 /* Base */,
			);
			name = Main.storyboard;
			sourceTree = "<group>";
		};
		1EACE21720DAB9C600681E84 /* LaunchScreen.storyboard */ = {
			isa = PBXVariantGroup;
			children = (
				1EACE21820DAB9C600681E84 /* Base */,
			);
			name = LaunchScreen.storyboard;
			sourceTree = "<group>";
		};
/* End PBXVariantGroup section */

/* Begin XCBuildConfiguration section */
		1EACE21B20DAB9C600681E84 /* Debug */ = {
			isa = XCBuildConfiguration;
			buildSettings = {
				ALWAYS_SEARCH_USER_PATHS = NO;
				CLANG_ANALYZER_NONNULL = YES;
				CLANG_ANALYZER_NUMBER_OBJECT_CONVERSION = YES_AGGRESSIVE;
				CLANG_CXX_LANGUAGE_STANDARD = "gnu++14";
				CLANG_CXX_LIBRARY = "libc++";
				CLANG_ENABLE_MODULES = YES;
				CLANG_ENABLE_OBJC_ARC = YES;
				CLANG_WARN_BLOCK_CAPTURE_AUTORELEASING = YES;
				CLANG_WARN_BOOL_CONVERSION = YES;
				CLANG_WARN_COMMA = YES;
				CLANG_WARN_CONSTANT_CONVERSION = YES;
				CLANG_WARN_DIRECT_OBJC_ISA_USAGE = YES_ERROR;
				CLANG_WARN_DOCUMENTATION_COMMENTS = YES;
				CLANG_WARN_EMPTY_BODY = YES;
				CLANG_WARN_ENUM_CONVERSION = YES;
				CLANG_WARN_INFINITE_RECURSION = YES;
				CLANG_WARN_INT_CONVERSION = YES;
				CLANG_WARN_NON_LITERAL_NULL_CONVERSION = YES;
				CLANG_WARN_OBJC_LITERAL_CONVERSION = YES;
				CLANG_WARN_OBJC_ROOT_CLASS = YES_ERROR;
				CLANG_WARN_RANGE_LOOP_ANALYSIS = YES;
				CLANG_WARN_STRICT_PROTOTYPES = YES;
				CLANG_WARN_SUSPICIOUS_MOVE = YES;
				CLANG_WARN_UNGUARDED_AVAILABILITY = YES_AGGRESSIVE;
				CLANG_WARN_UNREACHABLE_CODE = YES;
				CLANG_WARN__DUPLICATE_METHOD_MATCH = YES;
				CODE_SIGN_IDENTITY = "iPhone Developer";
				COPY_PHASE_STRIP = NO;
				DEBUG_INFORMATION_FORMAT = dwarf;
				ENABLE_STRICT_OBJC_MSGSEND = YES;
				ENABLE_TESTABILITY = YES;
				GCC_C_LANGUAGE_STANDARD = gnu11;
				GCC_DYNAMIC_NO_PIC = NO;
				GCC_NO_COMMON_BLOCKS = YES;
				GCC_OPTIMIZATION_LEVEL = 0;
				GCC_PREPROCESSOR_DEFINITIONS = (
					"DEBUG=1",
					"$(inherited)",
				);
				GCC_WARN_64_TO_32_BIT_CONVERSION = YES;
				GCC_WARN_ABOUT_RETURN_TYPE = YES_ERROR;
				GCC_WARN_UNDECLARED_SELECTOR = YES;
				GCC_WARN_UNINITIALIZED_AUTOS = YES_AGGRESSIVE;
				GCC_WARN_UNUSED_FUNCTION = YES;
				GCC_WARN_UNUSED_VARIABLE = YES;
				IPHONEOS_DEPLOYMENT_TARGET = 11.2;
				MTL_ENABLE_DEBUG_INFO = YES;
				ONLY_ACTIVE_ARCH = YES;
				SDKROOT = iphoneos;
				SWIFT_ACTIVE_COMPILATION_CONDITIONS = DEBUG;
				SWIFT_OPTIMIZATION_LEVEL = "-Onone";
			};
			name = Debug;
		};
		1EACE21C20DAB9C600681E84 /* Release */ = {
			isa = XCBuildConfiguration;
			buildSettings = {
				ALWAYS_SEARCH_USER_PATHS = NO;
				CLANG_ANALYZER_NONNULL = YES;
				CLANG_ANALYZER_NUMBER_OBJECT_CONVERSION = YES_AGGRESSIVE;
				CLANG_CXX_LANGUAGE_STANDARD = "gnu++14";
				CLANG_CXX_LIBRARY = "libc++";
				CLANG_ENABLE_MODULES = YES;
				CLANG_ENABLE_OBJC_ARC = YES;
				CLANG_WARN_BLOCK_CAPTURE_AUTORELEASING = YES;
				CLANG_WARN_BOOL_CONVERSION = YES;
				CLANG_WARN_COMMA = YES;
				CLANG_WARN_CONSTANT_CONVERSION = YES;
				CLANG_WARN_DIRECT_OBJC_ISA_USAGE = YES_ERROR;
				CLANG_WARN_DOCUMENTATION_COMMENTS = YES;
				CLANG_WARN_EMPTY_BODY = YES;
				CLANG_WARN_ENUM_CONVERSION = YES;
				CLANG_WARN_INFINITE_RECURSION = YES;
				CLANG_WARN_INT_CONVERSION = YES;
				CLANG_WARN_NON_LITERAL_NULL_CONVERSION = YES;
				CLANG_WARN_OBJC_LITERAL_CONVERSION = YES;
				CLANG_WARN_OBJC_ROOT_CLASS = YES_ERROR;
				CLANG_WARN_RANGE_LOOP_ANALYSIS = YES;
				CLANG_WARN_STRICT_PROTOTYPES = YES;
				CLANG_WARN_SUSPICIOUS_MOVE = YES;
				CLANG_WARN_UNGUARDED_AVAILABILITY = YES_AGGRESSIVE;
				CLANG_WARN_UNREACHABLE_CODE = YES;
				CLANG_WARN__DUPLICATE_METHOD_MATCH = YES;
				CODE_SIGN_IDENTITY = "iPhone Developer";
				COPY_PHASE_STRIP = NO;
				DEBUG_INFORMATION_FORMAT = "dwarf-with-dsym";
				ENABLE_NS_ASSERTIONS = NO;
				ENABLE_STRICT_OBJC_MSGSEND = YES;
				GCC_C_LANGUAGE_STANDARD = gnu11;
				GCC_NO_COMMON_BLOCKS = YES;
				GCC_WARN_64_TO_32_BIT_CONVERSION = YES;
				GCC_WARN_ABOUT_RETURN_TYPE = YES_ERROR;
				GCC_WARN_UNDECLARED_SELECTOR = YES;
				GCC_WARN_UNINITIALIZED_AUTOS = YES_AGGRESSIVE;
				GCC_WARN_UNUSED_FUNCTION = YES;
				GCC_WARN_UNUSED_VARIABLE = YES;
				IPHONEOS_DEPLOYMENT_TARGET = 11.2;
				MTL_ENABLE_DEBUG_INFO = NO;
				SDKROOT = iphoneos;
				SWIFT_OPTIMIZATION_LEVEL = "-Owholemodule";
				VALIDATE_PRODUCT = YES;
			};
			name = Release;
		};
		1EACE21E20DAB9C600681E84 /* Debug */ = {
			isa = XCBuildConfiguration;
			baseConfigurationReference = 61742DC5B91E1E61FF3FAE52 /* Pods-TaskProject.debug.xcconfig */;
			buildSettings = {
				ASSETCATALOG_COMPILER_APPICON_NAME = AppIcon;
				CODE_SIGN_STYLE = Automatic;
				DEVELOPMENT_TEAM = 5C6JCR6Z6F;
				INFOPLIST_FILE = TaskProject/Info.plist;
				IPHONEOS_DEPLOYMENT_TARGET = 10.0;
				LD_RUNPATH_SEARCH_PATHS = "$(inherited) @executable_path/Frameworks";
				PRODUCT_BUNDLE_IDENTIFIER = com.test.TaskProject;
				PRODUCT_NAME = "$(TARGET_NAME)";
				SWIFT_VERSION = 4.0;
				TARGETED_DEVICE_FAMILY = 1;
			};
			name = Debug;
		};
		1EACE21F20DAB9C600681E84 /* Release */ = {
			isa = XCBuildConfiguration;
			baseConfigurationReference = DB19DEAEED8D7D295745A778 /* Pods-TaskProject.release.xcconfig */;
			buildSettings = {
				ASSETCATALOG_COMPILER_APPICON_NAME = AppIcon;
				CODE_SIGN_STYLE = Automatic;
				DEVELOPMENT_TEAM = 5C6JCR6Z6F;
				INFOPLIST_FILE = TaskProject/Info.plist;
				IPHONEOS_DEPLOYMENT_TARGET = 10.0;
				LD_RUNPATH_SEARCH_PATHS = "$(inherited) @executable_path/Frameworks";
				PRODUCT_BUNDLE_IDENTIFIER = com.test.TaskProject;
				PRODUCT_NAME = "$(TARGET_NAME)";
				SWIFT_VERSION = 4.0;
				TARGETED_DEVICE_FAMILY = 1;
			};
			name = Release;
		};
/* End XCBuildConfiguration section */

/* Begin XCConfigurationList section */
		1EACE20620DAB9C600681E84 /* Build configuration list for PBXProject "TaskProject" */ = {
			isa = XCConfigurationList;
			buildConfigurations = (
				1EACE21B20DAB9C600681E84 /* Debug */,
				1EACE21C20DAB9C600681E84 /* Release */,
			);
			defaultConfigurationIsVisible = 0;
			defaultConfigurationName = Release;
		};
		1EACE21D20DAB9C600681E84 /* Build configuration list for PBXNativeTarget "TaskProject" */ = {
			isa = XCConfigurationList;
			buildConfigurations = (
				1EACE21E20DAB9C600681E84 /* Debug */,
				1EACE21F20DAB9C600681E84 /* Release */,
			);
			defaultConfigurationIsVisible = 0;
			defaultConfigurationName = Release;
		};
/* End XCConfigurationList section */
	};
	rootObject = 1EACE20320DAB9C600681E84 /* Project object */;
}
